<Solution>
  <Folder Name="/examples/">
    <Project Path="examples/Meshline.Sdk.Examples/Meshline.Sdk.Examples.csproj" />
  </Folder>
  <Folder Name="/src/">
    <Project Path="src/Meshline.Sdk/Meshline.Sdk.csproj" />
  </Folder>
  <Folder Name="/tests/">
    <Project Path="tests/Meshline.Sdk.Tests/Meshline.Sdk.Tests.csproj" />
  </Folder>
</Solution>
